{
	"name": "MedicalChat",
	"version": "2.1.5",
	"lockfileVersion": 3,
	"requires": true,
	"packages": {
		"": {
			"version": "2.1.5",
			"dependencies": {
				"qrcodejs2": "^0.0.2"
			},
			"engines": {
				"HBuilderX": "^3.2.6"
			}
		},
		"node_modules/qrcodejs2": {
			"version": "0.0.2",
			"resolved": "https://registry.npmjs.org/qrcodejs2/-/qrcodejs2-0.0.2.tgz",
			"integrity": "sha512-+Y4HA+cb6qUzdgvI3KML8GYpMFwB24dFwzMkS/yXq6hwtUGNUnZQdUnksrV1XGMc2mid5ROw5SAuY9XhI3ValA=="
		}
	}
}
